// !$*UTF8*$!
{
	archiveVersion = 1;
	classes = {
	};
	objectVersion = 56;
	objects = {

/* Begin PBXBuildFile section */
		9E70448172A0D20261158629 /* Pods_testScreenshot16.framework in Frameworks */ = {isa = PBXBuildFile; fileRef = 0AEED41B6DD935B21FE5693E /* Pods_testScreenshot16.framework */; };
		C4E6E77D2A3A02BC0079C35F /* testScreenshot16App.swift in Sources */ = {isa = PBXBuildFile; fileRef = C4E6E77C2A3A02BC0079C35F /* testScreenshot16App.swift */; };
		C4E6E77F2A3A02BC0079C35F /* ContentView.swift in Sources */ = {isa = PBXBuildFile; fileRef = C4E6E77E2A3A02BC0079C35F /* ContentView.swift */; };
		C4E6E7812A3A02BE0079C35F /* Assets.xcassets in Resources */ = {isa = PBXBuildFile; fileRef = C4E6E7802A3A02BE0079C35F /* Assets.xcassets */; };
		C4E6E7842A3A02BE0079C35F /* Preview Assets.xcassets in Resources */ = {isa = PBXBuildFile; fileRef = C4E6E7832A3A02BE0079C35F /* Preview Assets.xcassets */; };
/* End PBXBuildFile section */

/* Begin PBXFileReference section */
		0AEED41B6DD935B21FE5693E /* Pods_testScreenshot16.framework */ = {isa = PBXFileReference; explicitFileType = wrapper.framework; includeInIndex = 0; path = Pods_testScreenshot16.framework; sourceTree = BUILT_PRODUCTS_DIR; };
		47377AFA93CF9845441709A0 /* Pods-testScreenshot16.release.xcconfig */ = {isa = PBXFileReference; includeInIndex = 1; lastKnownFileType = text.xcconfig; name = "Pods-testScreenshot16.release.xcconfig"; path = "Target Support Files/Pods-testScreenshot16/Pods-testScreenshot16.release.xcconfig"; sourceTree = "<group>"; };
		C4E6E7792A3A02BC0079C35F /* testScreenshot16.app */ = {isa = PBXFileReference; explicitFileType = wrapper.application; includeInIndex = 0; path = testScreenshot16.app; sourceTree = BUILT_PRODUCTS_DIR; };
		C4E6E77C2A3A02BC0079C35F /* testScreenshot16App.swift */ = {isa = PBXFileReference; lastKnownFileType = sourcecode.swift; path = testScreenshot16App.swift; sourceTree = "<group>"; };
		C4E6E77E2A3A02BC0079C35F /* ContentView.swift */ = {isa = PBXFileReference; lastKnownFileType = sourcecode.swift; path = ContentView.swift; sourceTree = "<group>"; };
		C4E6E7802A3A02BE0079C35F /* Assets.xcassets */ = {isa = PBXFileReference; lastKnownFileType = folder.assetcatalog; path = Assets.xcassets; sourceTree = "<group>"; };
		C4E6E7832A3A02BE0079C35F /* Preview Assets.xcassets */ = {isa = PBXFileReference; lastKnownFileType = folder.assetcatalog; path = "Preview Assets.xcassets"; sourceTree = "<group>"; };
		D19070C27D4117E78E43510C /* Pods-testScreenshot16.debug.xcconfig */ = {isa = PBXFileReference; includeInIndex = 1; lastKnownFileType = text.xcconfig; name = "Pods-testScreenshot16.debug.xcconfig"; path = "Target Support Files/Pods-testScreenshot16/Pods-testScreenshot16.debug.xcconfig"; sourceTree = "<group>"; };
/* End PBXFileReference section */

/* Begin PBXFrameworksBuildPhase section */
		C4E6E7762A3A02BC0079C35F /* Frameworks */ = {
			isa = PBXFrameworksBuildPhase;
			buildActionMask = 2147483647;
			files = (
				9E70448172A0D20261158629 /* Pods_testScreenshot16.framework in Frameworks */,
			);
			runOnlyForDeploymentPostprocessing = 0;
		};
/* End PBXFrameworksBuildPhase section */

/* Begin PBXGroup section */
		0AC5F43849F5F362CA6EFC71 /* Frameworks */ = {
			isa = PBXGroup;
			children = (
				0AEED41B6DD935B21FE5693E /* Pods_testScreenshot16.framework */,
			);
			name = Frameworks;
			sourceTree = "<group>";
		};
		C4E6E7702A3A02BC0079C35F = {
			isa = PBXGroup;
			children = (
				C4E6E77B2A3A02BC0079C35F /* testScreenshot16 */,
				C4E6E77A2A3A02BC0079C35F /* Products */,
				E4F3DB7B4DC4319C4A975A81 /* Pods */,
				0AC5F43849F5F362CA6EFC71 /* Frameworks */,
			);
			sourceTree = "<group>";
		};
		C4E6E77A2A3A02BC0079C35F /* Products */ = {
			isa = PBXGroup;
			children = (
				C4E6E7792A3A02BC0079C35F /* testScreenshot16.app */,
			);
			name = Products;
			sourceTree = "<group>";
		};
		C4E6E77B2A3A02BC0079C35F /* testScreenshot16 */ = {
			isa = PBXGroup;
			children = (
				C4E6E77C2A3A02BC0079C35F /* testScreenshot16App.swift */,
				C4E6E77E2A3A02BC0079C35F /* ContentView.swift */,
				C4E6E7802A3A02BE0079C35F /* Assets.xcassets */,
				C4E6E7822A3A02BE0079C35F /* Preview Content */,
			);
			path = testScreenshot16;
			sourceTree = "<group>";
		};
		C4E6E7822A3A02BE0079C35F /* Preview Content */ = {
			isa = PBXGroup;
			children = (
				C4E6E7832A3A02BE0079C35F /* Preview Assets.xcassets */,
			);
			path = "Preview Content";
			sourceTree = "<group>";
		};
		E4F3DB7B4DC4319C4A975A81 /* Pods */ = {
			isa = PBXGroup;
			children = (
				D19070C27D4117E78E43510C /* Pods-testScreenshot16.debug.xcconfig */,
				47377AFA93CF9845441709A0 /* Pods-testScreenshot16.release.xcconfig */,
			);
			path = Pods;
			sourceTree = "<group>";
		};
/* End PBXGroup section */

/* Begin PBXNativeTarget section */
		C4E6E7782A3A02BC0079C35F /* testScreenshot16 */ = {
			isa = PBXNativeTarget;
			buildConfigurationList = C4E6E7872A3A02BE0079C35F /* Build configuration list for PBXNativeTarget "testScreenshot16" */;
			buildPhases = (
				009698873CB0F4EC475CE991 /* [CP] Check Pods Manifest.lock */,
				C4E6E7752A3A02BC0079C35F /* Sources */,
				C4E6E7762A3A02BC0079C35F /* Frameworks */,
				C4E6E7772A3A02BC0079C35F /* Resources */,
				BEE52923E1E440A7300BFFCE /* [CP] Embed Pods Frameworks */,
			);
			buildRules = (
			);
			dependencies = (
			);
			name = testScreenshot16;
			productName = testScreenshot16;
			productReference = C4E6E7792A3A02BC0079C35F /* testScreenshot16.app */;
			productType = "com.apple.product-type.application";
		};
/* End PBXNativeTarget section */

/* Begin PBXProject section */
		C4E6E7712A3A02BC0079C35F /* Project object */ = {
			isa = PBXProject;
			attributes = {
				BuildIndependentTargetsInParallel = 1;
				LastSwiftUpdateCheck = 1430;
				LastUpgradeCheck = 1430;
				TargetAttributes = {
					C4E6E7782A3A02BC0079C35F = {
						CreatedOnToolsVersion = 14.3;
					};
				};
			};
			buildConfigurationList = C4E6E7742A3A02BC0079C35F /* Build configuration list for PBXProject "testScreenshot16" */;
			compatibilityVersion = "Xcode 14.0";
			developmentRegion = en;
			hasScannedForEncodings = 0;
			knownRegions = (
				en,
				Base,
			);
			mainGroup = C4E6E7702A3A02BC0079C35F;
			productRefGroup = C4E6E77A2A3A02BC0079C35F /* Products */;
			projectDirPath = "";
			projectRoot = "";
			targets = (
				C4E6E7782A3A02BC0079C35F /* testScreenshot16 */,
			);
		};
/* End PBXProject section */

/* Begin PBXResourcesBuildPhase section */
		C4E6E7772A3A02BC0079C35F /* Resources */ = {
			isa = PBXResourcesBuildPhase;
			buildActionMask = 2147483647;
			files = (
				C4E6E7842A3A02BE0079C35F /* Preview Assets.xcassets in Resources */,
				C4E6E7812A3A02BE0079C35F /* Assets.xcassets in Resources */,
			);
			runOnlyForDeploymentPostprocessing = 0;
		};
/* End PBXResourcesBuildPhase section */

/* Begin PBXShellScriptBuildPhase section */
		009698873CB0F4EC475CE991 /* [CP] Check Pods Manifest.lock */ = {
			isa = PBXShellScriptBuildPhase;
			buildActionMask = 2147483647;
			files = (
			);
			inputFileListPaths = (
			);
			inputPaths = (
				"${PODS_PODFILE_DIR_PATH}/Podfile.lock",
				"${PODS_ROOT}/Manifest.lock",
			);
			name = "[CP] Check Pods Manifest.lock";
			outputFileListPaths = (
			);
			outputPaths = (
				"$(DERIVED_FILE_DIR)/Pods-testScreenshot16-checkManifestLockResult.txt",
			);
			runOnlyForDeploymentPostprocessing = 0;
			shellPath = /bin/sh;
			shellScript = "diff \"${PODS_PODFILE_DIR_PATH}/Podfile.lock\" \"${PODS_ROOT}/Manifest.lock\" > /dev/null\nif [ $? != 0 ] ; then\n    # print error to STDERR\n    echo \"error: The sandbox is not in sync with the Podfile.lock. Run 'pod install' or update your CocoaPods installation.\" >&2\n    exit 1\nfi\n# This output is used by Xcode 'outputs' to avoid re-running this script phase.\necho \"SUCCESS\" > \"${SCRIPT_OUTPUT_FILE_0}\"\n";
			showEnvVarsInLog = 0;
		};
		BEE52923E1E440A7300BFFCE /* [CP] Embed Pods Frameworks */ = {
			isa = PBXShellScriptBuildPhase;
			buildActionMask = 2147483647;
			files = (
			);
			inputFileListPaths = (
				"${PODS_ROOT}/Target Support Files/Pods-testScreenshot16/Pods-testScreenshot16-frameworks-${CONFIGURATION}-input-files.xcfilelist",
			);
			name = "[CP] Embed Pods Frameworks";
			outputFileListPaths = (
				"${PODS_ROOT}/Target Support Files/Pods-testScreenshot16/Pods-testScreenshot16-frameworks-${CONFIGURATION}-output-files.xcfilelist",
			);
			runOnlyForDeploymentPostprocessing = 0;
			shellPath = /bin/sh;
			shellScript = "\"${PODS_ROOT}/Target Support Files/Pods-testScreenshot16/Pods-testScreenshot16-frameworks.sh\"\n";
			showEnvVarsInLog = 0;
		};
/* End PBXShellScriptBuildPhase section */

/* Begin PBXSourcesBuildPhase section */
		C4E6E7752A3A02BC0079C35F /* Sources */ = {
			isa = PBXSourcesBuildPhase;
			buildActionMask = 2147483647;
			files = (
				C4E6E77F2A3A02BC0079C35F /* ContentView.swift in Sources */,
				C4E6E77D2A3A02BC0079C35F /* testScreenshot16App.swift in Sources */,
			);
			runOnlyForDeploymentPostprocessing = 0;
		};
/* End PBXSourcesBuildPhase section */

/* Begin XCBuildConfiguration section */
		C4E6E7852A3A02BE0079C35F /* Debug */ = {
			isa = XCBuildConfiguration;
			buildSettings = {
				ALWAYS_SEARCH_USER_PATHS = NO;
				CLANG_ANALYZER_NONNULL = YES;
				CLANG_ANALYZER_NUMBER_OBJECT_CONVERSION = YES_AGGRESSIVE;
				CLANG_CXX_LANGUAGE_STANDARD = "gnu++20";
				CLANG_ENABLE_MODULES = YES;
				CLANG_ENABLE_OBJC_ARC = YES;
				CLANG_ENABLE_OBJC_WEAK = YES;
				CLANG_WARN_BLOCK_CAPTURE_AUTORELEASING = YES;
				CLANG_WARN_BOOL_CONVERSION = YES;
				CLANG_WARN_COMMA = YES;
				CLANG_WARN_CONSTANT_CONVERSION = YES;
				CLANG_WARN_DEPRECATED_OBJC_IMPLEMENTATIONS = YES;
				CLANG_WARN_DIRECT_OBJC_ISA_USAGE = YES_ERROR;
				CLANG_WARN_DOCUMENTATION_COMMENTS = YES;
				CLANG_WARN_EMPTY_BODY = YES;
				CLANG_WARN_ENUM_CONVERSION = YES;
				CLANG_WARN_INFINITE_RECURSION = YES;
				CLANG_WARN_INT_CONVERSION = YES;
				CLANG_WARN_NON_LITERAL_NULL_CONVERSION = YES;
				CLANG_WARN_OBJC_IMPLICIT_RETAIN_SELF = YES;
				CLANG_WARN_OBJC_LITERAL_CONVERSION = YES;
				CLANG_WARN_OBJC_ROOT_CLASS = YES_ERROR;
				CLANG_WARN_QUOTED_INCLUDE_IN_FRAMEWORK_HEADER = YES;
				CLANG_WARN_RANGE_LOOP_ANALYSIS = YES;
				CLANG_WARN_STRICT_PROTOTYPES = YES;
				CLANG_WARN_SUSPICIOUS_MOVE = YES;
				CLANG_WARN_UNGUARDED_AVAILABILITY = YES_AGGRESSIVE;
				CLANG_WARN_UNREACHABLE_CODE = YES;
				CLANG_WARN__DUPLICATE_METHOD_MATCH = YES;
				COPY_PHASE_STRIP = NO;
				DEBUG_INFORMATION_FORMAT = dwarf;
				ENABLE_STRICT_OBJC_MSGSEND = YES;
				ENABLE_TESTABILITY = YES;
				GCC_C_LANGUAGE_STANDARD = gnu11;
				GCC_DYNAMIC_NO_PIC = NO;
				GCC_NO_COMMON_BLOCKS = YES;
				GCC_OPTIMIZATION_LEVEL = 0;
				GCC_PREPROCESSOR_DEFINITIONS = (
					"DEBUG=1",
					"$(inherited)",
				);
				GCC_WARN_64_TO_32_BIT_CONVERSION = YES;
				GCC_WARN_ABOUT_RETURN_TYPE = YES_ERROR;
				GCC_WARN_UNDECLARED_SELECTOR = YES;
				GCC_WARN_UNINITIALIZED_AUTOS = YES_AGGRESSIVE;
				GCC_WARN_UNUSED_FUNCTION = YES;
				GCC_WARN_UNUSED_VARIABLE = YES;
				IPHONEOS_DEPLOYMENT_TARGET = 16.2;
				MTL_ENABLE_DEBUG_INFO = INCLUDE_SOURCE;
				MTL_FAST_MATH = YES;
				ONLY_ACTIVE_ARCH = YES;
				SDKROOT = iphoneos;
				SWIFT_ACTIVE_COMPILATION_CONDITIONS = DEBUG;
				SWIFT_OPTIMIZATION_LEVEL = "-Onone";
			};
			name = Debug;
		};
		C4E6E7862A3A02BE0079C35F /* Release */ = {
			isa = XCBuildConfiguration;
			buildSettings = {
				ALWAYS_SEARCH_USER_PATHS = NO;
				CLANG_ANALYZER_NONNULL = YES;
				CLANG_ANALYZER_NUMBER_OBJECT_CONVERSION = YES_AGGRESSIVE;
				CLANG_CXX_LANGUAGE_STANDARD = "gnu++20";
				CLANG_ENABLE_MODULES = YES;
				CLANG_ENABLE_OBJC_ARC = YES;
				CLANG_ENABLE_OBJC_WEAK = YES;
				CLANG_WARN_BLOCK_CAPTURE_AUTORELEASING = YES;
				CLANG_WARN_BOOL_CONVERSION = YES;
				CLANG_WARN_COMMA = YES;
				CLANG_WARN_CONSTANT_CONVERSION = YES;
				CLANG_WARN_DEPRECATED_OBJC_IMPLEMENTATIONS = YES;
				CLANG_WARN_DIRECT_OBJC_ISA_USAGE = YES_ERROR;
				CLANG_WARN_DOCUMENTATION_COMMENTS = YES;
				CLANG_WARN_EMPTY_BODY = YES;
				CLANG_WARN_ENUM_CONVERSION = YES;
				CLANG_WARN_INFINITE_RECURSION = YES;
				CLANG_WARN_INT_CONVERSION = YES;
				CLANG_WARN_NON_LITERAL_NULL_CONVERSION = YES;
				CLANG_WARN_OBJC_IMPLICIT_RETAIN_SELF = YES;
				CLANG_WARN_OBJC_LITERAL_CONVERSION = YES;
				CLANG_WARN_OBJC_ROOT_CLASS = YES_ERROR;
				CLANG_WARN_QUOTED_INCLUDE_IN_FRAMEWORK_HEADER = YES;
				CLANG_WARN_RANGE_LOOP_ANALYSIS = YES;
				CLANG_WARN_STRICT_PROTOTYPES = YES;
				CLANG_WARN_SUSPICIOUS_MOVE = YES;
				CLANG_WARN_UNGUARDED_AVAILABILITY = YES_AGGRESSIVE;
				CLANG_WARN_UNREACHABLE_CODE = YES;
				CLANG_WARN__DUPLICATE_METHOD_MATCH = YES;
				COPY_PHASE_STRIP = NO;
				DEBUG_INFORMATION_FORMAT = "dwarf-with-dsym";
				ENABLE_NS_ASSERTIONS = NO;
				ENABLE_STRICT_OBJC_MSGSEND = YES;
				GCC_C_LANGUAGE_STANDARD = gnu11;
				GCC_NO_COMMON_BLOCKS = YES;
				GCC_WARN_64_TO_32_BIT_CONVERSION = YES;
				GCC_WARN_ABOUT_RETURN_TYPE = YES_ERROR;
				GCC_WARN_UNDECLARED_SELECTOR = YES;
				GCC_WARN_UNINITIALIZED_AUTOS = YES_AGGRESSIVE;
				GCC_WARN_UNUSED_FUNCTION = YES;
				GCC_WARN_UNUSED_VARIABLE = YES;
				IPHONEOS_DEPLOYMENT_TARGET = 16.2;
				MTL_ENABLE_DEBUG_INFO = NO;
				MTL_FAST_MATH = YES;
				SDKROOT = iphoneos;
				SWIFT_COMPILATION_MODE = wholemodule;
				SWIFT_OPTIMIZATION_LEVEL = "-O";
				VALIDATE_PRODUCT = YES;
			};
			name = Release;
		};
		C4E6E7882A3A02BE0079C35F /* Debug */ = {
			isa = XCBuildConfiguration;
			baseConfigurationReference = D19070C27D4117E78E43510C /* Pods-testScreenshot16.debug.xcconfig */;
			buildSettings = {
				ASSETCATALOG_COMPILER_APPICON_NAME = AppIcon;
				ASSETCATALOG_COMPILER_GLOBAL_ACCENT_COLOR_NAME = AccentColor;
				CODE_SIGN_STYLE = Automatic;
				CURRENT_PROJECT_VERSION = 1;
				DEVELOPMENT_ASSET_PATHS = "\"testScreenshot16/Preview Content\"";
				DEVELOPMENT_TEAM = S748LY9WA5;
				ENABLE_PREVIEWS = YES;
				GENERATE_INFOPLIST_FILE = YES;
				INFOPLIST_KEY_UIApplicationSceneManifest_Generation = YES;
				INFOPLIST_KEY_UIApplicationSupportsIndirectInputEvents = YES;
				INFOPLIST_KEY_UILaunchScreen_Generation = YES;
				INFOPLIST_KEY_UISupportedInterfaceOrientations_iPad = "UIInterfaceOrientationPortrait UIInterfaceOrientationPortraitUpsideDown UIInterfaceOrientationLandscapeLeft UIInterfaceOrientationLandscapeRight";
				INFOPLIST_KEY_UISupportedInterfaceOrientations_iPhone = "UIInterfaceOrientationPortrait UIInterfaceOrientationLandscapeLeft UIInterfaceOrientationLandscapeRight";
				LD_RUNPATH_SEARCH_PATHS = (
					"$(inherited)",
					"@executable_path/Frameworks",
				);
				MARKETING_VERSION = 1.0;
				PRODUCT_BUNDLE_IDENTIFIER = org.v0t.testScreenshot16;
				PRODUCT_NAME = "$(TARGET_NAME)";
				SWIFT_EMIT_LOC_STRINGS = YES;
				SWIFT_VERSION = 5.0;
				TARGETED_DEVICE_FAMILY = "1,2";
			};
			name = Debug;
		};
		C4E6E7892A3A02BE0079C35F /* Release */ = {
			isa = XCBuildConfiguration;
			baseConfigurationReference = 47377AFA93CF9845441709A0 /* Pods-testScreenshot16.release.xcconfig */;
			buildSettings = {
				ASSETCATALOG_COMPILER_APPICON_NAME = AppIcon;
				ASSETCATALOG_COMPILER_GLOBAL_ACCENT_COLOR_NAME = AccentColor;
				CODE_SIGN_STYLE = Automatic;
				CURRENT_PROJECT_VERSION = 1;
				DEVELOPMENT_ASSET_PATHS = "\"testScreenshot16/Preview Content\"";
				DEVELOPMENT_TEAM = S748LY9WA5;
				ENABLE_PREVIEWS = YES;
				GENERATE_INFOPLIST_FILE = YES;
				INFOPLIST_KEY_UIApplicationSceneManifest_Generation = YES;
				INFOPLIST_KEY_UIApplicationSupportsIndirectInputEvents = YES;
				INFOPLIST_KEY_UILaunchScreen_Generation = YES;
				INFOPLIST_KEY_UISupportedInterfaceOrientations_iPad = "UIInterfaceOrientationPortrait UIInterfaceOrientationPortraitUpsideDown UIInterfaceOrientationLandscapeLeft UIInterfaceOrientationLandscapeRight";
				INFOPLIST_KEY_UISupportedInterfaceOrientations_iPhone = "UIInterfaceOrientationPortrait UIInterfaceOrientationLandscapeLeft UIInterfaceOrientationLandscapeRight";
				LD_RUNPATH_SEARCH_PATHS = (
					"$(inherited)",
					"@executable_path/Frameworks",
				);
				MARKETING_VERSION = 1.0;
				PRODUCT_BUNDLE_IDENTIFIER = org.v0t.testScreenshot16;
				PRODUCT_NAME = "$(TARGET_NAME)";
				SWIFT_EMIT_LOC_STRINGS = YES;
				SWIFT_VERSION = 5.0;
				TARGETED_DEVICE_FAMILY = "1,2";
			};
			name = Release;
		};
/* End XCBuildConfiguration section */

/* Begin XCConfigurationList section */
		C4E6E7742A3A02BC0079C35F /* Build configuration list for PBXProject "testScreenshot16" */ = {
			isa = XCConfigurationList;
			buildConfigurations = (
				C4E6E7852A3A02BE0079C35F /* Debug */,
				C4E6E7862A3A02BE0079C35F /* Release */,
			);
			defaultConfigurationIsVisible = 0;
			defaultConfigurationName = Release;
		};
		C4E6E7872A3A02BE0079C35F /* Build configuration list for PBXNativeTarget "testScreenshot16" */ = {
			isa = XCConfigurationList;
			buildConfigurations = (
				C4E6E7882A3A02BE0079C35F /* Debug */,
				C4E6E7892A3A02BE0079C35F /* Release */,
			);
			defaultConfigurationIsVisible = 0;
			defaultConfigurationName = Release;
		};
/* End XCConfigurationList section */
	};
	rootObject = C4E6E7712A3A02BC0079C35F /* Project object */;
}
